
Microsoft Visual Studio Solution File, Format Version 12.00
Project("{FAE04EC0-301F-11D3-BF4B-00C04F79EFBC}") = "OOBootcamp", "OOBootcamp\OOBootcamp.csproj", "{B5B09ECE-7989-4CF0-9F26-F39C156B6942}"
EndProject
Project("{FAE04EC0-301F-11D3-BF4B-00C04F79EFBC}") = "OOBootcamp.Test", "OOBootcamp.Test\OOBootcamp.Test.csproj", "{959D5F67-1CC5-4301-8808-7A78AF916C4B}"
EndProject
Global
	GlobalSection(SolutionConfigurationPlatforms) = preSolution
		Debug|Any CPU = Debug|Any CPU
		Release|Any CPU = Release|Any CPU
	EndGlobalSection
	GlobalSection(ProjectConfigurationPlatforms) = postSolution
		{B5B09ECE-7989-4CF0-9F26-F39C156B6942}.Debug|Any CPU.ActiveCfg = Debug|Any CPU
		{B5B09ECE-7989-4CF0-9F26-F39C156B6942}.Debug|Any CPU.Build.0 = Debug|Any CPU
		{B5B09ECE-7989-4CF0-9F26-F39C156B6942}.Release|Any CPU.ActiveCfg = Release|Any CPU
		{B5B09ECE-7989-4CF0-9F26-F39C156B6942}.Release|Any CPU.Build.0 = Release|Any CPU
		{959D5F67-1CC5-4301-8808-7A78AF916C4B}.Debug|Any CPU.ActiveCfg = Debug|Any CPU
		{959D5F67-1CC5-4301-8808-7A78AF916C4B}.Debug|Any CPU.Build.0 = Debug|Any CPU
		{959D5F67-1CC5-4301-8808-7A78AF916C4B}.Release|Any CPU.ActiveCfg = Release|Any CPU
		{959D5F67-1CC5-4301-8808-7A78AF916C4B}.Release|Any CPU.Build.0 = Release|Any CPU
	EndGlobalSection
EndGlobal
